
Microsoft Visual Studio Solution File, Format Version 12.00
# Visual Studio Version 16
VisualStudioVersion = 16.0.28803.156
MinimumVisualStudioVersion = 10.0.40219.1
Project("{9A19103F-16F7-4668-BE54-9A1E7A4F7556}") = "RaspberryPi.Sensors", "RaspberryPi.Sensors\RaspberryPi.Sensors.csproj", "{030F1C37-3458-4157-BDAF-BD7353C25807}"
EndProject
Project("{9A19103F-16F7-4668-BE54-9A1E7A4F7556}") = "RaspberryPi.Sensors.Sample", "RaspberryPi.Sensors.Sample\RaspberryPi.Sensors.Sample.csproj", "{D29A8093-5FF4-467D-B934-534D2B8FC909}"
EndProject
Global
	GlobalSection(SolutionConfigurationPlatforms) = preSolution
		Debug|Any CPU = Debug|Any CPU
		Release|Any CPU = Release|Any CPU
	EndGlobalSection
	GlobalSection(ProjectConfigurationPlatforms) = postSolution
		{030F1C37-3458-4157-BDAF-BD7353C25807}.Debug|Any CPU.ActiveCfg = Debug|Any CPU
		{030F1C37-3458-4157-BDAF-BD7353C25807}.Debug|Any CPU.Build.0 = Debug|Any CPU
		{030F1C37-3458-4157-BDAF-BD7353C25807}.Release|Any CPU.ActiveCfg = Release|Any CPU
		{030F1C37-3458-4157-BDAF-BD7353C25807}.Release|Any CPU.Build.0 = Release|Any CPU
		{D29A8093-5FF4-467D-B934-534D2B8FC909}.Debug|Any CPU.ActiveCfg = Debug|Any CPU
		{D29A8093-5FF4-467D-B934-534D2B8FC909}.Debug|Any CPU.Build.0 = Debug|Any CPU
		{D29A8093-5FF4-467D-B934-534D2B8FC909}.Release|Any CPU.ActiveCfg = Release|Any CPU
		{D29A8093-5FF4-467D-B934-534D2B8FC909}.Release|Any CPU.Build.0 = Release|Any CPU
	EndGlobalSection
	GlobalSection(SolutionProperties) = preSolution
		HideSolutionNode = FALSE
	EndGlobalSection
	GlobalSection(ExtensibilityGlobals) = postSolution
		SolutionGuid = {8EAB4114-ECBA-46B0-BB1A-0BADDD1F4AA4}
	EndGlobalSection
EndGlobal
